{
  "lockfile_version": "1",
  "packages": {
    "github:NixOS/nixpkgs/nixpkgs-unstable": {
      "last_modified": "2026-07-15T11:37:32Z",
      "resolved": "github:NixOS/nixpkgs/35d3407a3816f3b341d8cf1d60abaf2b7b8166ac?lastModified=1784115452&narHash=sha256-BoYPdqk6jlKXy%2BDyUzyGV%2FCtRGfAhk2MmIgBhsemTGI%3D"
    },
    "go-task@latest": {
      "last_modified": "2026-06-27T07:37:20Z",
      "resolved": "github:NixOS/nixpkgs/3d46470bb3030020f7e1361f33514854f5bfa86d#go-task",
      "source": "devbox-search",
      "version": "3.48.0",
      "systems": {
        "aarch64-darwin": {
          "outputs": [
            {
              "name": "out",
              "path": "/nix/store/80bj596m0qh7lyh7f5cmfy6r2cif9i08-go-task-3.48.0",
              "default": true
            }
          ],
          "store_path": "/nix/store/80bj596m0qh7lyh7f5cmfy6r2cif9i08-go-task-3.48.0"
        },
        "aarch64-linux": {
          "outputs": [
            {
              "name": "out",
              "path": "/nix/store/cp9nkcbc9gpx527n258c2bglhc4b82w5-go-task-3.48.0",
              "default": true
            }
          ],
          "store_path": "/nix/store/cp9nkcbc9gpx527n258c2bglhc4b82w5-go-task-3.48.0"
        },
        "x86_64-darwin": {
          "outputs": [
            {
              "name": "out",
              "path": "/nix/store/q7mxf9b9kcphb3lxrzn4mqazb9nrvlnz-go-task-3.48.0",
              "default": true
            }
          ],
          "store_path": "/nix/store/q7mxf9b9kcphb3lxrzn4mqazb9nrvlnz-go-task-3.48.0"
        },
        "x86_64-linux": {
          "outputs": [
            {
              "name": "out",
              "path": "/nix/store/7fshm6glyd5vi331jjizidvn95lflpig-go-task-3.48.0",
              "default": true
            }
          ],
          "store_path": "/nix/store/7fshm6glyd5vi331jjizidvn95lflpig-go-task-3.48.0"
        }
      }
    },
    "kubernetes-helm@latest": {
      "last_modified": "2026-06-27T07:37:20Z",
      "resolved": "github:NixOS/nixpkgs/3d46470bb3030020f7e1361f33514854f5bfa86d#kubernetes-helm",
      "source": "devbox-search",
      "version": "4.2.2",
      "systems": {
        "aarch64-darwin": {
          "outputs": [
            {
              "name": "out",
              "path": "/nix/store/0lgmnlz0r7x05r4jpxzpcwnhni35i3wg-kubernetes-helm-4.2.2",
              "default": true
            }
          ],
          "store_path": "/nix/store/0lgmnlz0r7x05r4jpxzpcwnhni35i3wg-kubernetes-helm-4.2.2"
        },
        "aarch64-linux": {
          "outputs": [
            {
              "name": "out",
              "path": "/nix/store/pllrya7h5i20i9r5hfrbfjzkmw4xjffp-kubernetes-helm-4.2.2",
              "default": true
            }
          ],
          "store_path": "/nix/store/pllrya7h5i20i9r5hfrbfjzkmw4xjffp-kubernetes-helm-4.2.2"
        },
        "x86_64-darwin": {
          "outputs": [
            {
              "name": "out",
              "path": "/nix/store/39fam1y2h1hkc9aw6g4pialvjxbvyx7n-kubernetes-helm-4.2.2",
              "default": true
            }
          ],
          "store_path": "/nix/store/39fam1y2h1hkc9aw6g4pialvjxbvyx7n-kubernetes-helm-4.2.2"
        },
        "x86_64-linux": {
          "outputs": [
            {
              "name": "out",
              "path": "/nix/store/ddbnas115nhfl91ypa7sfi5zhhnrnyfy-kubernetes-helm-4.2.2",
              "default": true
            }
          ],
          "store_path": "/nix/store/ddbnas115nhfl91ypa7sfi5zhhnrnyfy-kubernetes-helm-4.2.2"
        }
      }
    }
  }
}
